# This file is automatically @generated by Cargo.
# It is not intended for manual editing.
version = 3

[[package]]
name = "registrar-bin"
version = "0.1.0"

[[package]]
name = "registrar-database"
version = "0.1.0"

[[package]]
name = "registrar-http"
version = "0.1.0"

[[package]]
name = "registrar-templates"
version = "0.1.0"
